
Microsoft Visual Studio Solution File, Format Version 12.00
# Visual Studio Version 17
VisualStudioVersion = 17.2.32616.157
MinimumVisualStudioVersion = 10.0.40219.1
Project("{FAE04EC0-301F-11D3-BF4B-00C04F79EFBC}") = "practica planilla de pagos", "practica planilla de pagos\practica planilla de pagos.csproj", "{896D785B-7C6C-4BCB-AEE2-0B3161EA9DB5}"
EndProject
Global
	GlobalSection(SolutionConfigurationPlatforms) = preSolution
		Debug|Any CPU = Debug|Any CPU
		Release|Any CPU = Release|Any CPU
	EndGlobalSection
	GlobalSection(ProjectConfigurationPlatforms) = postSolution
		{896D785B-7C6C-4BCB-AEE2-0B3161EA9DB5}.Debug|Any CPU.ActiveCfg = Debug|Any CPU
		{896D785B-7C6C-4BCB-AEE2-0B3161EA9DB5}.Debug|Any CPU.Build.0 = Debug|Any CPU
		{896D785B-7C6C-4BCB-AEE2-0B3161EA9DB5}.Release|Any CPU.ActiveCfg = Release|Any CPU
		{896D785B-7C6C-4BCB-AEE2-0B3161EA9DB5}.Release|Any CPU.Build.0 = Release|Any CPU
	EndGlobalSection
	GlobalSection(SolutionProperties) = preSolution
		HideSolutionNode = FALSE
	EndGlobalSection
	GlobalSection(ExtensibilityGlobals) = postSolution
		SolutionGuid = {0353906D-2813-44E3-9425-AB91EA0A73A9}
	EndGlobalSection
EndGlobal
